// !$*UTF8*$!
{
	archiveVersion = 1;
	classes = {
	};
	objectVersion = 77;
	objects = {

/* Begin PBXBuildFile section */
		7EECE4C22CC8131700F5E9D1 /* FirebaseAnalytics in Frameworks */ = {isa = PBXBuildFile; productRef = 7EECE4C12CC8131700F5E9D1 /* FirebaseAnalytics */; };
		7EECE4C42CC8131700F5E9D1 /* FirebaseAuth in Frameworks */ = {isa = PBXBuildFile; productRef = 7EECE4C32CC8131700F5E9D1 /* FirebaseAuth */; };
		7EECE4C62CC8131700F5E9D1 /* FirebaseCore in Frameworks */ = {isa = PBXBuildFile; productRef = 7EECE4C52CC8131700F5E9D1 /* FirebaseCore */; };
		7EECE4C82CC8131700F5E9D1 /* FirebaseFirestore in Frameworks */ = {isa = PBXBuildFile; productRef = 7EECE4C72CC8131700F5E9D1 /* FirebaseFirestore */; };
		7EECE4CA2CC8131700F5E9D1 /* FirebaseStorage in Frameworks */ = {isa = PBXBuildFile; productRef = 7EECE4C92CC8131700F5E9D1 /* FirebaseStorage */; };
		7EECE4CD2CC8144000F5E9D1 /* RxCocoa in Frameworks */ = {isa = PBXBuildFile; productRef = 7EECE4CC2CC8144000F5E9D1 /* RxCocoa */; };
		7EECE4CF2CC8144000F5E9D1 /* RxRelay in Frameworks */ = {isa = PBXBuildFile; productRef = 7EECE4CE2CC8144000F5E9D1 /* RxRelay */; };
		7EECE4D12CC8144000F5E9D1 /* RxSwift in Frameworks */ = {isa = PBXBuildFile; productRef = 7EECE4D02CC8144000F5E9D1 /* RxSwift */; };
/* End PBXBuildFile section */

/* Begin PBXContainerItemProxy section */
		7EECE4762CC8049A00F5E9D1 /* PBXContainerItemProxy */ = {
			isa = PBXContainerItemProxy;
			containerPortal = 7EECE4572CC8049700F5E9D1 /* Project object */;
			proxyType = 1;
			remoteGlobalIDString = 7EECE45E2CC8049700F5E9D1;
			remoteInfo = "Weight Journal";
		};
		7EECE4802CC8049A00F5E9D1 /* PBXContainerItemProxy */ = {
			isa = PBXContainerItemProxy;
			containerPortal = 7EECE4572CC8049700F5E9D1 /* Project object */;
			proxyType = 1;
			remoteGlobalIDString = 7EECE45E2CC8049700F5E9D1;
			remoteInfo = "Weight Journal";
		};
/* End PBXContainerItemProxy section */

/* Begin PBXFileReference section */
		7EECE45F2CC8049700F5E9D1 /* Weight Journal.app */ = {isa = PBXFileReference; explicitFileType = wrapper.application; includeInIndex = 0; path = "Weight Journal.app"; sourceTree = BUILT_PRODUCTS_DIR; };
		7EECE4752CC8049A00F5E9D1 /* Weight JournalTests.xctest */ = {isa = PBXFileReference; explicitFileType = wrapper.cfbundle; includeInIndex = 0; path = "Weight JournalTests.xctest"; sourceTree = BUILT_PRODUCTS_DIR; };
		7EECE47F2CC8049A00F5E9D1 /* Weight JournalUITests.xctest */ = {isa = PBXFileReference; explicitFileType = wrapper.cfbundle; includeInIndex = 0; path = "Weight JournalUITests.xctest"; sourceTree = BUILT_PRODUCTS_DIR; };
/* End PBXFileReference section */

/* Begin PBXFileSystemSynchronizedBuildFileExceptionSet section */
		7EECE4872CC8049A00F5E9D1 /* Exceptions for "Weight Journal" folder in "Weight Journal" target */ = {
			isa = PBXFileSystemSynchronizedBuildFileExceptionSet;
			membershipExceptions = (
				Info.plist,
			);
			target = 7EECE45E2CC8049700F5E9D1 /* Weight Journal */;
		};
/* End PBXFileSystemSynchronizedBuildFileExceptionSet section */

/* Begin PBXFileSystemSynchronizedRootGroup section */
		7EECE4612CC8049700F5E9D1 /* Weight Journal */ = {
			isa = PBXFileSystemSynchronizedRootGroup;
			exceptions = (
				7EECE4872CC8049A00F5E9D1 /* Exceptions for "Weight Journal" folder in "Weight Journal" target */,
			);
			path = "Weight Journal";
			sourceTree = "<group>";
		};
		7EECE4782CC8049A00F5E9D1 /* Weight JournalTests */ = {
			isa = PBXFileSystemSynchronizedRootGroup;
			path = "Weight JournalTests";
			sourceTree = "<group>";
		};
		7EECE4822CC8049A00F5E9D1 /* Weight JournalUITests */ = {
			isa = PBXFileSystemSynchronizedRootGroup;
			path = "Weight JournalUITests";
			sourceTree = "<group>";
		};
/* End PBXFileSystemSynchronizedRootGroup section */

/* Begin PBXFrameworksBuildPhase section */
		7EECE45C2CC8049700F5E9D1 /* Frameworks */ = {
			isa = PBXFrameworksBuildPhase;
			buildActionMask = 2147483647;
			files = (
				7EECE4CD2CC8144000F5E9D1 /* RxCocoa in Frameworks */,
				7EECE4C22CC8131700F5E9D1 /* FirebaseAnalytics in Frameworks */,
				7EECE4CF2CC8144000F5E9D1 /* RxRelay in Frameworks */,
				7EECE4C82CC8131700F5E9D1 /* FirebaseFirestore in Frameworks */,
				7EECE4C62CC8131700F5E9D1 /* FirebaseCore in Frameworks */,
				7EECE4CA2CC8131700F5E9D1 /* FirebaseStorage in Frameworks */,
				7EECE4D12CC8144000F5E9D1 /* RxSwift in Frameworks */,
				7EECE4C42CC8131700F5E9D1 /* FirebaseAuth in Frameworks */,
			);
			runOnlyForDeploymentPostprocessing = 0;
		};
		7EECE4722CC8049A00F5E9D1 /* Frameworks */ = {
			isa = PBXFrameworksBuildPhase;
			buildActionMask = 2147483647;
			files = (
			);
			runOnlyForDeploymentPostprocessing = 0;
		};
		7EECE47C2CC8049A00F5E9D1 /* Frameworks */ = {
			isa = PBXFrameworksBuildPhase;
			buildActionMask = 2147483647;
			files = (
			);
			runOnlyForDeploymentPostprocessing = 0;
		};
/* End PBXFrameworksBuildPhase section */

/* Begin PBXGroup section */
		7EECE4562CC8049700F5E9D1 = {
			isa = PBXGroup;
			children = (
				7EECE4612CC8049700F5E9D1 /* Weight Journal */,
				7EECE4782CC8049A00F5E9D1 /* Weight JournalTests */,
				7EECE4822CC8049A00F5E9D1 /* Weight JournalUITests */,
				7EECE4602CC8049700F5E9D1 /* Products */,
			);
			sourceTree = "<group>";
		};
		7EECE4602CC8049700F5E9D1 /* Products */ = {
			isa = PBXGroup;
			children = (
				7EECE45F2CC8049700F5E9D1 /* Weight Journal.app */,
				7EECE4752CC8049A00F5E9D1 /* Weight JournalTests.xctest */,
				7EECE47F2CC8049A00F5E9D1 /* Weight JournalUITests.xctest */,
			);
			name = Products;
			sourceTree = "<group>";
		};
/* End PBXGroup section */

/* Begin PBXNativeTarget section */
		7EECE45E2CC8049700F5E9D1 /* Weight Journal */ = {
			isa = PBXNativeTarget;
			buildConfigurationList = 7EECE4882CC8049A00F5E9D1 /* Build configuration list for PBXNativeTarget "Weight Journal" */;
			buildPhases = (
				7EECE45B2CC8049700F5E9D1 /* Sources */,
				7EECE45C2CC8049700F5E9D1 /* Frameworks */,
				7EECE45D2CC8049700F5E9D1 /* Resources */,
			);
			buildRules = (
			);
			dependencies = (
			);
			fileSystemSynchronizedGroups = (
				7EECE4612CC8049700F5E9D1 /* Weight Journal */,
			);
			name = "Weight Journal";
			packageProductDependencies = (
				7EECE4C12CC8131700F5E9D1 /* FirebaseAnalytics */,
				7EECE4C32CC8131700F5E9D1 /* FirebaseAuth */,
				7EECE4C52CC8131700F5E9D1 /* FirebaseCore */,
				7EECE4C72CC8131700F5E9D1 /* FirebaseFirestore */,
				7EECE4C92CC8131700F5E9D1 /* FirebaseStorage */,
				7EECE4CC2CC8144000F5E9D1 /* RxCocoa */,
				7EECE4CE2CC8144000F5E9D1 /* RxRelay */,
				7EECE4D02CC8144000F5E9D1 /* RxSwift */,
			);
			productName = "Weight Journal";
			productReference = 7EECE45F2CC8049700F5E9D1 /* Weight Journal.app */;
			productType = "com.apple.product-type.application";
		};
		7EECE4742CC8049A00F5E9D1 /* Weight JournalTests */ = {
			isa = PBXNativeTarget;
			buildConfigurationList = 7EECE48D2CC8049A00F5E9D1 /* Build configuration list for PBXNativeTarget "Weight JournalTests" */;
			buildPhases = (
				7EECE4712CC8049A00F5E9D1 /* Sources */,
				7EECE4722CC8049A00F5E9D1 /* Frameworks */,
				7EECE4732CC8049A00F5E9D1 /* Resources */,
			);
			buildRules = (
			);
			dependencies = (
				7EECE4772CC8049A00F5E9D1 /* PBXTargetDependency */,
			);
			fileSystemSynchronizedGroups = (
				7EECE4782CC8049A00F5E9D1 /* Weight JournalTests */,
			);
			name = "Weight JournalTests";
			packageProductDependencies = (
			);
			productName = "Weight JournalTests";
			productReference = 7EECE4752CC8049A00F5E9D1 /* Weight JournalTests.xctest */;
			productType = "com.apple.product-type.bundle.unit-test";
		};
		7EECE47E2CC8049A00F5E9D1 /* Weight JournalUITests */ = {
			isa = PBXNativeTarget;
			buildConfigurationList = 7EECE4902CC8049A00F5E9D1 /* Build configuration list for PBXNativeTarget "Weight JournalUITests" */;
			buildPhases = (
				7EECE47B2CC8049A00F5E9D1 /* Sources */,
				7EECE47C2CC8049A00F5E9D1 /* Frameworks */,
				7EECE47D2CC8049A00F5E9D1 /* Resources */,
			);
			buildRules = (
			);
			dependencies = (
				7EECE4812CC8049A00F5E9D1 /* PBXTargetDependency */,
			);
			fileSystemSynchronizedGroups = (
				7EECE4822CC8049A00F5E9D1 /* Weight JournalUITests */,
			);
			name = "Weight JournalUITests";
			packageProductDependencies = (
			);
			productName = "Weight JournalUITests";
			productReference = 7EECE47F2CC8049A00F5E9D1 /* Weight JournalUITests.xctest */;
			productType = "com.apple.product-type.bundle.ui-testing";
		};
/* End PBXNativeTarget section */

/* Begin PBXProject section */
		7EECE4572CC8049700F5E9D1 /* Project object */ = {
			isa = PBXProject;
			attributes = {
				BuildIndependentTargetsInParallel = 1;
				LastSwiftUpdateCheck = 1600;
				LastUpgradeCheck = 1600;
				TargetAttributes = {
					7EECE45E2CC8049700F5E9D1 = {
						CreatedOnToolsVersion = 16.0;
					};
					7EECE4742CC8049A00F5E9D1 = {
						CreatedOnToolsVersion = 16.0;
						TestTargetID = 7EECE45E2CC8049700F5E9D1;
					};
					7EECE47E2CC8049A00F5E9D1 = {
						CreatedOnToolsVersion = 16.0;
						TestTargetID = 7EECE45E2CC8049700F5E9D1;
					};
				};
			};
			buildConfigurationList = 7EECE45A2CC8049700F5E9D1 /* Build configuration list for PBXProject "Weight Journal" */;
			developmentRegion = en;
			hasScannedForEncodings = 0;
			knownRegions = (
				en,
				Base,
			);
			mainGroup = 7EECE4562CC8049700F5E9D1;
			minimizedProjectReferenceProxies = 1;
			packageReferences = (
				7EECE4C02CC8131700F5E9D1 /* XCRemoteSwiftPackageReference "firebase-ios-sdk" */,
				7EECE4CB2CC8144000F5E9D1 /* XCRemoteSwiftPackageReference "RxSwift" */,
			);
			preferredProjectObjectVersion = 77;
			productRefGroup = 7EECE4602CC8049700F5E9D1 /* Products */;
			projectDirPath = "";
			projectRoot = "";
			targets = (
				7EECE45E2CC8049700F5E9D1 /* Weight Journal */,
				7EECE4742CC8049A00F5E9D1 /* Weight JournalTests */,
				7EECE47E2CC8049A00F5E9D1 /* Weight JournalUITests */,
			);
		};
/* End PBXProject section */

/* Begin PBXResourcesBuildPhase section */
		7EECE45D2CC8049700F5E9D1 /* Resources */ = {
			isa = PBXResourcesBuildPhase;
			buildActionMask = 2147483647;
			files = (
			);
			runOnlyForDeploymentPostprocessing = 0;
		};
		7EECE4732CC8049A00F5E9D1 /* Resources */ = {
			isa = PBXResourcesBuildPhase;
			buildActionMask = 2147483647;
			files = (
			);
			runOnlyForDeploymentPostprocessing = 0;
		};
		7EECE47D2CC8049A00F5E9D1 /* Resources */ = {
			isa = PBXResourcesBuildPhase;
			buildActionMask = 2147483647;
			files = (
			);
			runOnlyForDeploymentPostprocessing = 0;
		};
/* End PBXResourcesBuildPhase section */

/* Begin PBXSourcesBuildPhase section */
		7EECE45B2CC8049700F5E9D1 /* Sources */ = {
			isa = PBXSourcesBuildPhase;
			buildActionMask = 2147483647;
			files = (
			);
			runOnlyForDeploymentPostprocessing = 0;
		};
		7EECE4712CC8049A00F5E9D1 /* Sources */ = {
			isa = PBXSourcesBuildPhase;
			buildActionMask = 2147483647;
			files = (
			);
			runOnlyForDeploymentPostprocessing = 0;
		};
		7EECE47B2CC8049A00F5E9D1 /* Sources */ = {
			isa = PBXSourcesBuildPhase;
			buildActionMask = 2147483647;
			files = (
			);
			runOnlyForDeploymentPostprocessing = 0;
		};
/* End PBXSourcesBuildPhase section */

/* Begin PBXTargetDependency section */
		7EECE4772CC8049A00F5E9D1 /* PBXTargetDependency */ = {
			isa = PBXTargetDependency;
			target = 7EECE45E2CC8049700F5E9D1 /* Weight Journal */;
			targetProxy = 7EECE4762CC8049A00F5E9D1 /* PBXContainerItemProxy */;
		};
		7EECE4812CC8049A00F5E9D1 /* PBXTargetDependency */ = {
			isa = PBXTargetDependency;
			target = 7EECE45E2CC8049700F5E9D1 /* Weight Journal */;
			targetProxy = 7EECE4802CC8049A00F5E9D1 /* PBXContainerItemProxy */;
		};
/* End PBXTargetDependency section */

/* Begin XCBuildConfiguration section */
		7EECE4892CC8049A00F5E9D1 /* Debug */ = {
			isa = XCBuildConfiguration;
			buildSettings = {
				ASSETCATALOG_COMPILER_APPICON_NAME = AppIcon;
				ASSETCATALOG_COMPILER_GLOBAL_ACCENT_COLOR_NAME = AccentColor;
				CODE_SIGN_STYLE = Automatic;
				CURRENT_PROJECT_VERSION = 1;
				DEVELOPMENT_TEAM = 328QJG8DC6;
				GENERATE_INFOPLIST_FILE = YES;
				INFOPLIST_FILE = "Weight Journal/Info.plist";
				INFOPLIST_KEY_UIApplicationSupportsIndirectInputEvents = YES;
				INFOPLIST_KEY_UILaunchStoryboardName = LaunchScreen;
				INFOPLIST_KEY_UISupportedInterfaceOrientations_iPad = "UIInterfaceOrientationPortrait UIInterfaceOrientationPortraitUpsideDown UIInterfaceOrientationLandscapeLeft UIInterfaceOrientationLandscapeRight";
				INFOPLIST_KEY_UISupportedInterfaceOrientations_iPhone = "UIInterfaceOrientationPortrait UIInterfaceOrientationLandscapeLeft UIInterfaceOrientationLandscapeRight";
				LD_RUNPATH_SEARCH_PATHS = (
					"$(inherited)",
					"@executable_path/Frameworks",
				);
				MARKETING_VERSION = 1.0;
				PRODUCT_BUNDLE_IDENTIFIER = "danil.Weight-Journal";
				PRODUCT_NAME = "$(TARGET_NAME)";
				SWIFT_EMIT_LOC_STRINGS = YES;
				SWIFT_VERSION = 5.0;
				TARGETED_DEVICE_FAMILY = "1,2";
			};
			name = Debug;
		};
		7EECE48A2CC8049A00F5E9D1 /* Release */ = {
			isa = XCBuildConfiguration;
			buildSettings = {
				ASSETCATALOG_COMPILER_APPICON_NAME = AppIcon;
				ASSETCATALOG_COMPILER_GLOBAL_ACCENT_COLOR_NAME = AccentColor;
				CODE_SIGN_STYLE = Automatic;
				CURRENT_PROJECT_VERSION = 1;
				DEVELOPMENT_TEAM = 328QJG8DC6;
				GENERATE_INFOPLIST_FILE = YES;
				INFOPLIST_FILE = "Weight Journal/Info.plist";
				INFOPLIST_KEY_UIApplicationSupportsIndirectInputEvents = YES;
				INFOPLIST_KEY_UILaunchStoryboardName = LaunchScreen;
				INFOPLIST_KEY_UISupportedInterfaceOrientations_iPad = "UIInterfaceOrientationPortrait UIInterfaceOrientationPortraitUpsideDown UIInterfaceOrientationLandscapeLeft UIInterfaceOrientationLandscapeRight";
				INFOPLIST_KEY_UISupportedInterfaceOrientations_iPhone = "UIInterfaceOrientationPortrait UIInterfaceOrientationLandscapeLeft UIInterfaceOrientationLandscapeRight";
				LD_RUNPATH_SEARCH_PATHS = (
					"$(inherited)",
					"@executable_path/Frameworks",
				);
				MARKETING_VERSION = 1.0;
				PRODUCT_BUNDLE_IDENTIFIER = "danil.Weight-Journal";
				PRODUCT_NAME = "$(TARGET_NAME)";
				SWIFT_EMIT_LOC_STRINGS = YES;
				SWIFT_VERSION = 5.0;
				TARGETED_DEVICE_FAMILY = "1,2";
			};
			name = Release;
		};
		7EECE48B2CC8049A00F5E9D1 /* Debug */ = {
			isa = XCBuildConfiguration;
			buildSettings = {
				ALWAYS_SEARCH_USER_PATHS = NO;
				ASSETCATALOG_COMPILER_GENERATE_SWIFT_ASSET_SYMBOL_EXTENSIONS = YES;
				CLANG_ANALYZER_NONNULL = YES;
				CLANG_ANALYZER_NUMBER_OBJECT_CONVERSION = YES_AGGRESSIVE;
				CLANG_CXX_LANGUAGE_STANDARD = "gnu++20";
				CLANG_ENABLE_MODULES = YES;
				CLANG_ENABLE_OBJC_ARC = YES;
				CLANG_ENABLE_OBJC_WEAK = YES;
				CLANG_WARN_BLOCK_CAPTURE_AUTORELEASING = YES;
				CLANG_WARN_BOOL_CONVERSION = YES;
				CLANG_WARN_COMMA = YES;
				CLANG_WARN_CONSTANT_CONVERSION = YES;
				CLANG_WARN_DEPRECATED_OBJC_IMPLEMENTATIONS = YES;
				CLANG_WARN_DIRECT_OBJC_ISA_USAGE = YES_ERROR;
				CLANG_WARN_DOCUMENTATION_COMMENTS = YES;
				CLANG_WARN_EMPTY_BODY = YES;
				CLANG_WARN_ENUM_CONVERSION = YES;
				CLANG_WARN_INFINITE_RECURSION = YES;
				CLANG_WARN_INT_CONVERSION = YES;
				CLANG_WARN_NON_LITERAL_NULL_CONVERSION = YES;
				CLANG_WARN_OBJC_IMPLICIT_RETAIN_SELF = YES;
				CLANG_WARN_OBJC_LITERAL_CONVERSION = YES;
				CLANG_WARN_OBJC_ROOT_CLASS = YES_ERROR;
				CLANG_WARN_QUOTED_INCLUDE_IN_FRAMEWORK_HEADER = YES;
				CLANG_WARN_RANGE_LOOP_ANALYSIS = YES;
				CLANG_WARN_STRICT_PROTOTYPES = YES;
				CLANG_WARN_SUSPICIOUS_MOVE = YES;
				CLANG_WARN_UNGUARDED_AVAILABILITY = YES_AGGRESSIVE;
				CLANG_WARN_UNREACHABLE_CODE = YES;
				CLANG_WARN__DUPLICATE_METHOD_MATCH = YES;
				COPY_PHASE_STRIP = NO;
				DEBUG_INFORMATION_FORMAT = dwarf;
				ENABLE_STRICT_OBJC_MSGSEND = YES;
				ENABLE_TESTABILITY = YES;
				ENABLE_USER_SCRIPT_SANDBOXING = YES;
				GCC_C_LANGUAGE_STANDARD = gnu17;
				GCC_DYNAMIC_NO_PIC = NO;
				GCC_NO_COMMON_BLOCKS = YES;
				GCC_OPTIMIZATION_LEVEL = 0;
				GCC_PREPROCESSOR_DEFINITIONS = (
					"DEBUG=1",
					"$(inherited)",
				);
				GCC_WARN_64_TO_32_BIT_CONVERSION = YES;
				GCC_WARN_ABOUT_RETURN_TYPE = YES_ERROR;
				GCC_WARN_UNDECLARED_SELECTOR = YES;
				GCC_WARN_UNINITIALIZED_AUTOS = YES_AGGRESSIVE;
				GCC_WARN_UNUSED_FUNCTION = YES;
				GCC_WARN_UNUSED_VARIABLE = YES;
				IPHONEOS_DEPLOYMENT_TARGET = 18.0;
				LOCALIZATION_PREFERS_STRING_CATALOGS = YES;
				MTL_ENABLE_DEBUG_INFO = INCLUDE_SOURCE;
				MTL_FAST_MATH = YES;
				ONLY_ACTIVE_ARCH = YES;
				SDKROOT = iphoneos;
				SWIFT_ACTIVE_COMPILATION_CONDITIONS = "DEBUG $(inherited)";
				SWIFT_OPTIMIZATION_LEVEL = "-Onone";
			};
			name = Debug;
		};
		7EECE48C2CC8049A00F5E9D1 /* Release */ = {
			isa = XCBuildConfiguration;
			buildSettings = {
				ALWAYS_SEARCH_USER_PATHS = NO;
				ASSETCATALOG_COMPILER_GENERATE_SWIFT_ASSET_SYMBOL_EXTENSIONS = YES;
				CLANG_ANALYZER_NONNULL = YES;
				CLANG_ANALYZER_NUMBER_OBJECT_CONVERSION = YES_AGGRESSIVE;
				CLANG_CXX_LANGUAGE_STANDARD = "gnu++20";
				CLANG_ENABLE_MODULES = YES;
				CLANG_ENABLE_OBJC_ARC = YES;
				CLANG_ENABLE_OBJC_WEAK = YES;
				CLANG_WARN_BLOCK_CAPTURE_AUTORELEASING = YES;
				CLANG_WARN_BOOL_CONVERSION = YES;
				CLANG_WARN_COMMA = YES;
				CLANG_WARN_CONSTANT_CONVERSION = YES;
				CLANG_WARN_DEPRECATED_OBJC_IMPLEMENTATIONS = YES;
				CLANG_WARN_DIRECT_OBJC_ISA_USAGE = YES_ERROR;
				CLANG_WARN_DOCUMENTATION_COMMENTS = YES;
				CLANG_WARN_EMPTY_BODY = YES;
				CLANG_WARN_ENUM_CONVERSION = YES;
				CLANG_WARN_INFINITE_RECURSION = YES;
				CLANG_WARN_INT_CONVERSION = YES;
				CLANG_WARN_NON_LITERAL_NULL_CONVERSION = YES;
				CLANG_WARN_OBJC_IMPLICIT_RETAIN_SELF = YES;
				CLANG_WARN_OBJC_LITERAL_CONVERSION = YES;
				CLANG_WARN_OBJC_ROOT_CLASS = YES_ERROR;
				CLANG_WARN_QUOTED_INCLUDE_IN_FRAMEWORK_HEADER = YES;
				CLANG_WARN_RANGE_LOOP_ANALYSIS = YES;
				CLANG_WARN_STRICT_PROTOTYPES = YES;
				CLANG_WARN_SUSPICIOUS_MOVE = YES;
				CLANG_WARN_UNGUARDED_AVAILABILITY = YES_AGGRESSIVE;
				CLANG_WARN_UNREACHABLE_CODE = YES;
				CLANG_WARN__DUPLICATE_METHOD_MATCH = YES;
				COPY_PHASE_STRIP = NO;
				DEBUG_INFORMATION_FORMAT = "dwarf-with-dsym";
				ENABLE_NS_ASSERTIONS = NO;
				ENABLE_STRICT_OBJC_MSGSEND = YES;
				ENABLE_USER_SCRIPT_SANDBOXING = YES;
				GCC_C_LANGUAGE_STANDARD = gnu17;
				GCC_NO_COMMON_BLOCKS = YES;
				GCC_WARN_64_TO_32_BIT_CONVERSION = YES;
				GCC_WARN_ABOUT_RETURN_TYPE = YES_ERROR;
				GCC_WARN_UNDECLARED_SELECTOR = YES;
				GCC_WARN_UNINITIALIZED_AUTOS = YES_AGGRESSIVE;
				GCC_WARN_UNUSED_FUNCTION = YES;
				GCC_WARN_UNUSED_VARIABLE = YES;
				IPHONEOS_DEPLOYMENT_TARGET = 18.0;
				LOCALIZATION_PREFERS_STRING_CATALOGS = YES;
				MTL_ENABLE_DEBUG_INFO = NO;
				MTL_FAST_MATH = YES;
				SDKROOT = iphoneos;
				SWIFT_COMPILATION_MODE = wholemodule;
				VALIDATE_PRODUCT = YES;
			};
			name = Release;
		};
		7EECE48E2CC8049A00F5E9D1 /* Debug */ = {
			isa = XCBuildConfiguration;
			buildSettings = {
				BUNDLE_LOADER = "$(TEST_HOST)";
				CODE_SIGN_STYLE = Automatic;
				CURRENT_PROJECT_VERSION = 1;
				DEVELOPMENT_TEAM = 328QJG8DC6;
				GENERATE_INFOPLIST_FILE = YES;
				IPHONEOS_DEPLOYMENT_TARGET = 18.0;
				MARKETING_VERSION = 1.0;
				PRODUCT_BUNDLE_IDENTIFIER = "danil.Weight-JournalTests";
				PRODUCT_NAME = "$(TARGET_NAME)";
				SWIFT_EMIT_LOC_STRINGS = NO;
				SWIFT_VERSION = 5.0;
				TARGETED_DEVICE_FAMILY = "1,2";
				TEST_HOST = "$(BUILT_PRODUCTS_DIR)/Weight Journal.app/$(BUNDLE_EXECUTABLE_FOLDER_PATH)/Weight Journal";
			};
			name = Debug;
		};
		7EECE48F2CC8049A00F5E9D1 /* Release */ = {
			isa = XCBuildConfiguration;
			buildSettings = {
				BUNDLE_LOADER = "$(TEST_HOST)";
				CODE_SIGN_STYLE = Automatic;
				CURRENT_PROJECT_VERSION = 1;
				DEVELOPMENT_TEAM = 328QJG8DC6;
				GENERATE_INFOPLIST_FILE = YES;
				IPHONEOS_DEPLOYMENT_TARGET = 18.0;
				MARKETING_VERSION = 1.0;
				PRODUCT_BUNDLE_IDENTIFIER = "danil.Weight-JournalTests";
				PRODUCT_NAME = "$(TARGET_NAME)";
				SWIFT_EMIT_LOC_STRINGS = NO;
				SWIFT_VERSION = 5.0;
				TARGETED_DEVICE_FAMILY = "1,2";
				TEST_HOST = "$(BUILT_PRODUCTS_DIR)/Weight Journal.app/$(BUNDLE_EXECUTABLE_FOLDER_PATH)/Weight Journal";
			};
			name = Release;
		};
		7EECE4912CC8049A00F5E9D1 /* Debug */ = {
			isa = XCBuildConfiguration;
			buildSettings = {
				CODE_SIGN_STYLE = Automatic;
				CURRENT_PROJECT_VERSION = 1;
				DEVELOPMENT_TEAM = 328QJG8DC6;
				GENERATE_INFOPLIST_FILE = YES;
				MARKETING_VERSION = 1.0;
				PRODUCT_BUNDLE_IDENTIFIER = "danil.Weight-JournalUITests";
				PRODUCT_NAME = "$(TARGET_NAME)";
				SWIFT_EMIT_LOC_STRINGS = NO;
				SWIFT_VERSION = 5.0;
				TARGETED_DEVICE_FAMILY = "1,2";
				TEST_TARGET_NAME = "Weight Journal";
			};
			name = Debug;
		};
		7EECE4922CC8049A00F5E9D1 /* Release */ = {
			isa = XCBuildConfiguration;
			buildSettings = {
				CODE_SIGN_STYLE = Automatic;
				CURRENT_PROJECT_VERSION = 1;
				DEVELOPMENT_TEAM = 328QJG8DC6;
				GENERATE_INFOPLIST_FILE = YES;
				MARKETING_VERSION = 1.0;
				PRODUCT_BUNDLE_IDENTIFIER = "danil.Weight-JournalUITests";
				PRODUCT_NAME = "$(TARGET_NAME)";
				SWIFT_EMIT_LOC_STRINGS = NO;
				SWIFT_VERSION = 5.0;
				TARGETED_DEVICE_FAMILY = "1,2";
				TEST_TARGET_NAME = "Weight Journal";
			};
			name = Release;
		};
/* End XCBuildConfiguration section */

/* Begin XCConfigurationList section */
		7EECE45A2CC8049700F5E9D1 /* Build configuration list for PBXProject "Weight Journal" */ = {
			isa = XCConfigurationList;
			buildConfigurations = (
				7EECE48B2CC8049A00F5E9D1 /* Debug */,
				7EECE48C2CC8049A00F5E9D1 /* Release */,
			);
			defaultConfigurationIsVisible = 0;
			defaultConfigurationName = Release;
		};
		7EECE4882CC8049A00F5E9D1 /* Build configuration list for PBXNativeTarget "Weight Journal" */ = {
			isa = XCConfigurationList;
			buildConfigurations = (
				7EECE4892CC8049A00F5E9D1 /* Debug */,
				7EECE48A2CC8049A00F5E9D1 /* Release */,
			);
			defaultConfigurationIsVisible = 0;
			defaultConfigurationName = Release;
		};
		7EECE48D2CC8049A00F5E9D1 /* Build configuration list for PBXNativeTarget "Weight JournalTests" */ = {
			isa = XCConfigurationList;
			buildConfigurations = (
				7EECE48E2CC8049A00F5E9D1 /* Debug */,
				7EECE48F2CC8049A00F5E9D1 /* Release */,
			);
			defaultConfigurationIsVisible = 0;
			defaultConfigurationName = Release;
		};
		7EECE4902CC8049A00F5E9D1 /* Build configuration list for PBXNativeTarget "Weight JournalUITests" */ = {
			isa = XCConfigurationList;
			buildConfigurations = (
				7EECE4912CC8049A00F5E9D1 /* Debug */,
				7EECE4922CC8049A00F5E9D1 /* Release */,
			);
			defaultConfigurationIsVisible = 0;
			defaultConfigurationName = Release;
		};
/* End XCConfigurationList section */

/* Begin XCRemoteSwiftPackageReference section */
		7EECE4C02CC8131700F5E9D1 /* XCRemoteSwiftPackageReference "firebase-ios-sdk" */ = {
			isa = XCRemoteSwiftPackageReference;
			repositoryURL = "https://github.com/firebase/firebase-ios-sdk.git";
			requirement = {
				kind = upToNextMajorVersion;
				minimumVersion = 11.4.0;
			};
		};
		7EECE4CB2CC8144000F5E9D1 /* XCRemoteSwiftPackageReference "RxSwift" */ = {
			isa = XCRemoteSwiftPackageReference;
			repositoryURL = "https://github.com/ReactiveX/RxSwift";
			requirement = {
				kind = upToNextMajorVersion;
				minimumVersion = 6.8.0;
			};
		};
/* End XCRemoteSwiftPackageReference section */

/* Begin XCSwiftPackageProductDependency section */
		7EECE4C12CC8131700F5E9D1 /* FirebaseAnalytics */ = {
			isa = XCSwiftPackageProductDependency;
			package = 7EECE4C02CC8131700F5E9D1 /* XCRemoteSwiftPackageReference "firebase-ios-sdk" */;
			productName = FirebaseAnalytics;
		};
		7EECE4C32CC8131700F5E9D1 /* FirebaseAuth */ = {
			isa = XCSwiftPackageProductDependency;
			package = 7EECE4C02CC8131700F5E9D1 /* XCRemoteSwiftPackageReference "firebase-ios-sdk" */;
			productName = FirebaseAuth;
		};
		7EECE4C52CC8131700F5E9D1 /* FirebaseCore */ = {
			isa = XCSwiftPackageProductDependency;
			package = 7EECE4C02CC8131700F5E9D1 /* XCRemoteSwiftPackageReference "firebase-ios-sdk" */;
			productName = FirebaseCore;
		};
		7EECE4C72CC8131700F5E9D1 /* FirebaseFirestore */ = {
			isa = XCSwiftPackageProductDependency;
			package = 7EECE4C02CC8131700F5E9D1 /* XCRemoteSwiftPackageReference "firebase-ios-sdk" */;
			productName = FirebaseFirestore;
		};
		7EECE4C92CC8131700F5E9D1 /* FirebaseStorage */ = {
			isa = XCSwiftPackageProductDependency;
			package = 7EECE4C02CC8131700F5E9D1 /* XCRemoteSwiftPackageReference "firebase-ios-sdk" */;
			productName = FirebaseStorage;
		};
		7EECE4CC2CC8144000F5E9D1 /* RxCocoa */ = {
			isa = XCSwiftPackageProductDependency;
			package = 7EECE4CB2CC8144000F5E9D1 /* XCRemoteSwiftPackageReference "RxSwift" */;
			productName = RxCocoa;
		};
		7EECE4CE2CC8144000F5E9D1 /* RxRelay */ = {
			isa = XCSwiftPackageProductDependency;
			package = 7EECE4CB2CC8144000F5E9D1 /* XCRemoteSwiftPackageReference "RxSwift" */;
			productName = RxRelay;
		};
		7EECE4D02CC8144000F5E9D1 /* RxSwift */ = {
			isa = XCSwiftPackageProductDependency;
			package = 7EECE4CB2CC8144000F5E9D1 /* XCRemoteSwiftPackageReference "RxSwift" */;
			productName = RxSwift;
		};
/* End XCSwiftPackageProductDependency section */
	};
	rootObject = 7EECE4572CC8049700F5E9D1 /* Project object */;
}
